
Microsoft Visual Studio Solution File, Format Version 12.00
# Visual Studio Version 17
VisualStudioVersion = 17.2.32630.192
MinimumVisualStudioVersion = 10.0.40219.1
Project("{FAE04EC0-301F-11D3-BF4B-00C04F79EFBC}") = "opendigitaltwins-building", "opendigitaltwins-building\opendigitaltwins-building.csproj", "{349E4EA8-1837-424B-AAB3-B6C1C1D74C44}"
EndProject
Global
	GlobalSection(SolutionConfigurationPlatforms) = preSolution
		Debug|Any CPU = Debug|Any CPU
		Release|Any CPU = Release|Any CPU
	EndGlobalSection
	GlobalSection(ProjectConfigurationPlatforms) = postSolution
		{349E4EA8-1837-424B-AAB3-B6C1C1D74C44}.Debug|Any CPU.ActiveCfg = Debug|Any CPU
		{349E4EA8-1837-424B-AAB3-B6C1C1D74C44}.Debug|Any CPU.Build.0 = Debug|Any CPU
		{349E4EA8-1837-424B-AAB3-B6C1C1D74C44}.Release|Any CPU.ActiveCfg = Release|Any CPU
		{349E4EA8-1837-424B-AAB3-B6C1C1D74C44}.Release|Any CPU.Build.0 = Release|Any CPU
	EndGlobalSection
	GlobalSection(SolutionProperties) = preSolution
		HideSolutionNode = FALSE
	EndGlobalSection
	GlobalSection(ExtensibilityGlobals) = postSolution
		SolutionGuid = {199A73B7-92A9-4DBB-AA89-AF23C5B82968}
	EndGlobalSection
EndGlobal
